
Microsoft Visual Studio Solution File, Format Version 12.00
# Visual Studio Version 16
VisualStudioVersion = 16.0.29926.136
MinimumVisualStudioVersion = 10.0.40219.1
Project("{9A19103F-16F7-4668-BE54-9A1E7A4F7556}") = "BotonHora", "BotonHora\BotonHora.csproj", "{BE852F31-5337-460B-940C-225C6DE26465}"
EndProject
Project("{9A19103F-16F7-4668-BE54-9A1E7A4F7556}") = "BotonWebApi", "BotonWebApi\BotonWebApi.csproj", "{60BEF637-A8A4-42E3-892B-2B13D27E91B7}"
EndProject
Project("{E53339B2-1760-4266-BCC7-CA923CBCF16C}") = "docker-compose", "docker-compose.dcproj", "{76FDCC7C-2067-4B38-9D31-480333C597A8}"
EndProject
Global
	GlobalSection(SolutionConfigurationPlatforms) = preSolution
		Debug|Any CPU = Debug|Any CPU
		Release|Any CPU = Release|Any CPU
	EndGlobalSection
	GlobalSection(ProjectConfigurationPlatforms) = postSolution
		{BE852F31-5337-460B-940C-225C6DE26465}.Debug|Any CPU.ActiveCfg = Debug|Any CPU
		{BE852F31-5337-460B-940C-225C6DE26465}.Debug|Any CPU.Build.0 = Debug|Any CPU
		{BE852F31-5337-460B-940C-225C6DE26465}.Release|Any CPU.ActiveCfg = Release|Any CPU
		{BE852F31-5337-460B-940C-225C6DE26465}.Release|Any CPU.Build.0 = Release|Any CPU
		{60BEF637-A8A4-42E3-892B-2B13D27E91B7}.Debug|Any CPU.ActiveCfg = Debug|Any CPU
		{60BEF637-A8A4-42E3-892B-2B13D27E91B7}.Debug|Any CPU.Build.0 = Debug|Any CPU
		{60BEF637-A8A4-42E3-892B-2B13D27E91B7}.Release|Any CPU.ActiveCfg = Release|Any CPU
		{60BEF637-A8A4-42E3-892B-2B13D27E91B7}.Release|Any CPU.Build.0 = Release|Any CPU
		{76FDCC7C-2067-4B38-9D31-480333C597A8}.Debug|Any CPU.ActiveCfg = Debug|Any CPU
		{76FDCC7C-2067-4B38-9D31-480333C597A8}.Debug|Any CPU.Build.0 = Debug|Any CPU
		{76FDCC7C-2067-4B38-9D31-480333C597A8}.Release|Any CPU.ActiveCfg = Release|Any CPU
		{76FDCC7C-2067-4B38-9D31-480333C597A8}.Release|Any CPU.Build.0 = Release|Any CPU
	EndGlobalSection
	GlobalSection(SolutionProperties) = preSolution
		HideSolutionNode = FALSE
	EndGlobalSection
	GlobalSection(ExtensibilityGlobals) = postSolution
		SolutionGuid = {8C958703-7C73-4037-8EA3-861AFAC6307D}
	EndGlobalSection
EndGlobal
